github.com/codysoyland/gomod-d v0.0.0-20190515140724-aac4bef55731 h1:wUOWPiDdhu1VJIn9Mbbid3SU7IDanpYBSgv451tLv3o=
github.com/codysoyland/gomod-d v0.0.0-20190515140724-aac4bef55731/go.mod h1:jYkMAWdW2j3iiSsFP1g8uW0GUExwsV37QFlIO16+8ic=
github.com/codysoyland/gomod-d v1.0.0 h1:ZO9So7xGrZv/xHxSds+Ku1PfzefEL6UWlMz0K7da8wk=
github.com/codysoyland/gomod-d v1.0.0/go.mod h1:jYkMAWdW2j3iiSsFP1g8uW0GUExwsV37QFlIO16+8ic=
